
Microsoft Visual Studio Solution File, Format Version 12.00
# Visual Studio Version 17
VisualStudioVersion = 17.1.32319.34
MinimumVisualStudioVersion = 10.0.40219.1
Project("{9A19103F-16F7-4668-BE54-9A1E7A4F7556}") = "NetCoreAuth", "NetCoreAuth\NetCoreAuth.csproj", "{D760BB5D-05FE-4499-94EB-C32308128517}"
EndProject
Project("{FAE04EC0-301F-11D3-BF4B-00C04F79EFBC}") = "IdentityAuth", "IdentityAuth\IdentityAuth.csproj", "{9E188DAF-7BC7-4EFA-BF85-73C2A8918A71}"
EndProject
Global
	GlobalSection(SolutionConfigurationPlatforms) = preSolution
		Debug|Any CPU = Debug|Any CPU
		Release|Any CPU = Release|Any CPU
	EndGlobalSection
	GlobalSection(ProjectConfigurationPlatforms) = postSolution
		{D760BB5D-05FE-4499-94EB-C32308128517}.Debug|Any CPU.ActiveCfg = Debug|Any CPU
		{D760BB5D-05FE-4499-94EB-C32308128517}.Debug|Any CPU.Build.0 = Debug|Any CPU
		{D760BB5D-05FE-4499-94EB-C32308128517}.Release|Any CPU.ActiveCfg = Release|Any CPU
		{D760BB5D-05FE-4499-94EB-C32308128517}.Release|Any CPU.Build.0 = Release|Any CPU
		{9E188DAF-7BC7-4EFA-BF85-73C2A8918A71}.Debug|Any CPU.ActiveCfg = Debug|Any CPU
		{9E188DAF-7BC7-4EFA-BF85-73C2A8918A71}.Debug|Any CPU.Build.0 = Debug|Any CPU
		{9E188DAF-7BC7-4EFA-BF85-73C2A8918A71}.Release|Any CPU.ActiveCfg = Release|Any CPU
		{9E188DAF-7BC7-4EFA-BF85-73C2A8918A71}.Release|Any CPU.Build.0 = Release|Any CPU
	EndGlobalSection
	GlobalSection(SolutionProperties) = preSolution
		HideSolutionNode = FALSE
	EndGlobalSection
	GlobalSection(ExtensibilityGlobals) = postSolution
		SolutionGuid = {FDCE4B81-F626-476B-8EB9-821D0C7BF1B6}
	EndGlobalSection
EndGlobal
